
Microsoft Visual Studio Solution File, Format Version 12.00
# Visual Studio Version 16
VisualStudioVersion = 16.0.30114.105
MinimumVisualStudioVersion = 10.0.40219.1
Project("{FAE04EC0-301F-11D3-BF4B-00C04F79EFBC}") = "Apache.Ignite", "Apache.Ignite\Apache.Ignite.csproj", "{AB19FD0A-84F3-4D46-8051-656A7AAE2BA8}"
EndProject
Project("{FAE04EC0-301F-11D3-BF4B-00C04F79EFBC}") = "Apache.Ignite.Tests", "Apache.Ignite.Tests\Apache.Ignite.Tests.csproj", "{21478528-C1D9-41D1-84FB-B9F332356380}"
EndProject
Project("{2150E333-8FDC-42A3-9474-1A3956D46DE8}") = "Solution Items", "Solution Items", "{681DAFE7-175B-464F-81A4-3357B5789AE7}"
ProjectSection(SolutionItems) = preProject
	README.md = README.md
	stylecop.json = stylecop.json
	Directory.Build.props = Directory.Build.props
	DEVNOTES.md = DEVNOTES.md
	Apache_Ignite_logo_128x128.png = Apache_Ignite_logo_128x128.png
	.editorconfig = .editorconfig
	global.json = global.json
	.config\dotnet-tools.json = .config\dotnet-tools.json
	version.json = version.json
EndProjectSection
EndProject
Project("{FAE04EC0-301F-11D3-BF4B-00C04F79EFBC}") = "Apache.Ignite.Benchmarks", "Apache.Ignite.Benchmarks\Apache.Ignite.Benchmarks.csproj", "{9E63F965-535F-4AF2-A380-0780EAC6390E}"
EndProject
Project("{FAE04EC0-301F-11D3-BF4B-00C04F79EFBC}") = "Apache.Ignite.Internal.Generators", "Apache.Ignite.Internal.Generators\Apache.Ignite.Internal.Generators.csproj", "{7BC74F53-FF5F-4CBF-A559-9E4BE3A63A0F}"
EndProject
Project("{FAE04EC0-301F-11D3-BF4B-00C04F79EFBC}") = "Apache.Extensions.Caching.Ignite", "Apache.Extensions.Caching.Ignite\Apache.Extensions.Caching.Ignite.csproj", "{44DD1DDD-801A-4346-8683-B9C52A99046F}"
EndProject
Project("{FAE04EC0-301F-11D3-BF4B-00C04F79EFBC}") = "Apache.Extensions.Caching.Ignite.Tests", "Apache.Extensions.Caching.Ignite.Tests\Apache.Extensions.Caching.Ignite.Tests.csproj", "{F9214A37-C4CC-46CB-95A0-A5D2246BD32A}"
EndProject
Project("{FAE04EC0-301F-11D3-BF4B-00C04F79EFBC}") = "Apache.Ignite.Internal.ComputeExecutor", "Apache.Ignite.Internal.ComputeExecutor\Apache.Ignite.Internal.ComputeExecutor.csproj", "{63E709E0-04FD-4FE0-8787-845106E98AB3}"
EndProject
Project("{FAE04EC0-301F-11D3-BF4B-00C04F79EFBC}") = "Apache.Ignite.Tests.Aot", "Apache.Ignite.Tests.Aot\Apache.Ignite.Tests.Aot.csproj", "{5B7775A1-94A1-4947-945B-83522C17FAD6}"
EndProject
Project("{FAE04EC0-301F-11D3-BF4B-00C04F79EFBC}") = "Apache.Ignite.Tests.Common", "Apache.Ignite.Tests.Common\Apache.Ignite.Tests.Common.csproj", "{A15614D1-BDD0-477E-B553-F057BF7BA23F}"
EndProject
Global
	GlobalSection(SolutionConfigurationPlatforms) = preSolution
		Debug|Any CPU = Debug|Any CPU
		Release|Any CPU = Release|Any CPU
	EndGlobalSection
	GlobalSection(SolutionProperties) = preSolution
		HideSolutionNode = FALSE
	EndGlobalSection
	GlobalSection(ProjectConfigurationPlatforms) = postSolution
		{AB19FD0A-84F3-4D46-8051-656A7AAE2BA8}.Debug|Any CPU.ActiveCfg = Debug|Any CPU
		{AB19FD0A-84F3-4D46-8051-656A7AAE2BA8}.Debug|Any CPU.Build.0 = Debug|Any CPU
		{AB19FD0A-84F3-4D46-8051-656A7AAE2BA8}.Release|Any CPU.ActiveCfg = Release|Any CPU
		{AB19FD0A-84F3-4D46-8051-656A7AAE2BA8}.Release|Any CPU.Build.0 = Release|Any CPU
		{21478528-C1D9-41D1-84FB-B9F332356380}.Debug|Any CPU.ActiveCfg = Debug|Any CPU
		{21478528-C1D9-41D1-84FB-B9F332356380}.Debug|Any CPU.Build.0 = Debug|Any CPU
		{21478528-C1D9-41D1-84FB-B9F332356380}.Release|Any CPU.ActiveCfg = Release|Any CPU
		{21478528-C1D9-41D1-84FB-B9F332356380}.Release|Any CPU.Build.0 = Release|Any CPU
		{9E63F965-535F-4AF2-A380-0780EAC6390E}.Debug|Any CPU.ActiveCfg = Debug|Any CPU
		{9E63F965-535F-4AF2-A380-0780EAC6390E}.Debug|Any CPU.Build.0 = Debug|Any CPU
		{9E63F965-535F-4AF2-A380-0780EAC6390E}.Release|Any CPU.ActiveCfg = Release|Any CPU
		{9E63F965-535F-4AF2-A380-0780EAC6390E}.Release|Any CPU.Build.0 = Release|Any CPU
		{7BC74F53-FF5F-4CBF-A559-9E4BE3A63A0F}.Debug|Any CPU.ActiveCfg = Debug|Any CPU
		{7BC74F53-FF5F-4CBF-A559-9E4BE3A63A0F}.Debug|Any CPU.Build.0 = Debug|Any CPU
		{7BC74F53-FF5F-4CBF-A559-9E4BE3A63A0F}.Release|Any CPU.ActiveCfg = Release|Any CPU
		{7BC74F53-FF5F-4CBF-A559-9E4BE3A63A0F}.Release|Any CPU.Build.0 = Release|Any CPU
		{44DD1DDD-801A-4346-8683-B9C52A99046F}.Debug|Any CPU.ActiveCfg = Debug|Any CPU
		{44DD1DDD-801A-4346-8683-B9C52A99046F}.Debug|Any CPU.Build.0 = Debug|Any CPU
		{44DD1DDD-801A-4346-8683-B9C52A99046F}.Release|Any CPU.ActiveCfg = Release|Any CPU
		{44DD1DDD-801A-4346-8683-B9C52A99046F}.Release|Any CPU.Build.0 = Release|Any CPU
		{F9214A37-C4CC-46CB-95A0-A5D2246BD32A}.Debug|Any CPU.ActiveCfg = Debug|Any CPU
		{F9214A37-C4CC-46CB-95A0-A5D2246BD32A}.Debug|Any CPU.Build.0 = Debug|Any CPU
		{F9214A37-C4CC-46CB-95A0-A5D2246BD32A}.Release|Any CPU.ActiveCfg = Release|Any CPU
		{F9214A37-C4CC-46CB-95A0-A5D2246BD32A}.Release|Any CPU.Build.0 = Release|Any CPU
		{63E709E0-04FD-4FE0-8787-845106E98AB3}.Debug|Any CPU.ActiveCfg = Debug|Any CPU
		{63E709E0-04FD-4FE0-8787-845106E98AB3}.Debug|Any CPU.Build.0 = Debug|Any CPU
		{63E709E0-04FD-4FE0-8787-845106E98AB3}.Release|Any CPU.ActiveCfg = Release|Any CPU
		{63E709E0-04FD-4FE0-8787-845106E98AB3}.Release|Any CPU.Build.0 = Release|Any CPU
		{5B7775A1-94A1-4947-945B-83522C17FAD6}.Debug|Any CPU.ActiveCfg = Debug|Any CPU
		{5B7775A1-94A1-4947-945B-83522C17FAD6}.Debug|Any CPU.Build.0 = Debug|Any CPU
		{5B7775A1-94A1-4947-945B-83522C17FAD6}.Release|Any CPU.ActiveCfg = Release|Any CPU
		{5B7775A1-94A1-4947-945B-83522C17FAD6}.Release|Any CPU.Build.0 = Release|Any CPU
		{A15614D1-BDD0-477E-B553-F057BF7BA23F}.Debug|Any CPU.ActiveCfg = Debug|Any CPU
		{A15614D1-BDD0-477E-B553-F057BF7BA23F}.Debug|Any CPU.Build.0 = Debug|Any CPU
		{A15614D1-BDD0-477E-B553-F057BF7BA23F}.Release|Any CPU.ActiveCfg = Release|Any CPU
		{A15614D1-BDD0-477E-B553-F057BF7BA23F}.Release|Any CPU.Build.0 = Release|Any CPU
	EndGlobalSection
EndGlobal
